	<Project xmlns="http://schemas.microsoft.com/developer/msbuild/2003">
		<PropertyGroup>
			<ProjectGuid>{9EF227BD-2D0F-4C53-B730-7A0BD54860A3}</ProjectGuid>
			<ProjectVersion>12.3</ProjectVersion>
			<MainSource>pontoloja.dpr</MainSource>
			<Base>True</Base>
			<Config Condition="'$(Config)'==''">Debug</Config>
			<Platform>Win32</Platform>
			<AppType>Application</AppType>
			<FrameworkType>VCL</FrameworkType>
			<DCC_DCCCompiler>DCC32</DCC_DCCCompiler>
		</PropertyGroup>
		<PropertyGroup Condition="'$(Config)'=='Base' or '$(Base)'!=''">
			<Base>true</Base>
		</PropertyGroup>
		<PropertyGroup Condition="'$(Config)'=='Debug' or '$(Cfg_1)'!=''">
			<Cfg_1>true</Cfg_1>
			<CfgParent>Base</CfgParent>
			<Base>true</Base>
		</PropertyGroup>
		<PropertyGroup Condition="'$(Config)'=='Release' or '$(Cfg_2)'!=''">
			<Cfg_2>true</Cfg_2>
			<CfgParent>Base</CfgParent>
			<Base>true</Base>
		</PropertyGroup>
		<PropertyGroup Condition="'$(Base)'!=''">
			<DCC_ImageBase>00400000</DCC_ImageBase>
			<DCC_DcuOutput>.\$(Config)\$(Platform)</DCC_DcuOutput>
			<DCC_UnitAlias>WinTypes=Windows;WinProcs=Windows;DbiTypes=BDE;DbiProcs=BDE;$(DCC_UnitAlias)</DCC_UnitAlias>
			<DCC_ExeOutput>.\$(Config)\$(Platform)</DCC_ExeOutput>
		</PropertyGroup>
		<PropertyGroup Condition="'$(Cfg_1)'!=''">
			<DCC_ExeOutput>m:\Eficacia\SisCorp\minstalacao\</DCC_ExeOutput>
			<DCC_Define>DEBUG;$(DCC_Define)</DCC_Define>
			<DCC_Optimize>false</DCC_Optimize>
			<DCC_GenerateStackFrames>true</DCC_GenerateStackFrames>
		</PropertyGroup>
		<PropertyGroup Condition="'$(Cfg_2)'!=''">
			<DCC_LocalDebugSymbols>false</DCC_LocalDebugSymbols>
			<DCC_Define>RELEASE;$(DCC_Define)</DCC_Define>
			<DCC_SymbolReferenceInfo>0</DCC_SymbolReferenceInfo>
			<DCC_DebugInformation>false</DCC_DebugInformation>
		</PropertyGroup>
		<ItemGroup>
			<DelphiCompile Include="pontoloja.dpr">
				<MainSource>MainSource</MainSource>
			</DelphiCompile>
			<DCCReference Include="APrincipal.pas">
				<Form>FPrincipal</Form>
			</DCCReference>
			<DCCReference Include="..\MConfiguracoesSistema\Constantes.pas"/>
			<DCCReference Include="..\MaGerais\ASobre.pas">
				<Form>FSobre</Form>
			</DCCReference>
			<DCCReference Include="..\MaGerais\Abertura.pas">
				<Form>FAbertura</Form>
			</DCCReference>
			<DCCReference Include="..\MaGerais\AAlterarSenha.pas">
				<Form>FAlteraSenha</Form>
			</DCCReference>
			<DCCReference Include="..\MaGerais\AAlterarFilialUso.pas">
				<Form>FAlterarFilialUso</Form>
			</DCCReference>
			<DCCReference Include="..\MConfiguraModulos\UnRegistro.pas"/>
			<DCCReference Include="..\MaGerais\AClientes.pas">
				<Form>FClientes</Form>
			</DCCReference>
			<DCCReference Include="..\MaGerais\ANovoCliente.pas">
				<Form>FNovoCliente</Form>
			</DCCReference>
			<DCCReference Include="..\MaGerais\AProfissoes.pas">
				<Form>FProfissoes</Form>
			</DCCReference>
			<DCCReference Include="..\MaGerais\ASituacoesClientes.pas">
				<Form>FSituacoesClientes</Form>
			</DCCReference>
			<DCCReference Include="..\MaGerais\AConsultaRuas.pas">
				<Form>FConsultaRuas</Form>
			</DCCReference>
			<DCCReference Include="..\MaGerais\ACadCidades.pas">
				<Form>FCidades</Form>
			</DCCReference>
			<DCCReference Include="..\MaGerais\ACadPaises.pas">
				<Form>FCadPaises</Form>
			</DCCReference>
			<DCCReference Include="..\MaGerais\ACadEstados.pas">
				<Form>FCadEstados</Form>
			</DCCReference>
			<DCCReference Include="..\MaGerais\AEventos.pas">
				<Form>FEventos</Form>
			</DCCReference>
			<DCCReference Include="..\MConfiguracoesSistema\UnCodigoBarra.pas"/>
			<DCCReference Include="..\MFaturamento\ACadIcmsEstado.pas">
				<Form>FCadIcmsEstado</Form>
			</DCCReference>
			<DCCReference Include="..\MConfiguracoesSistema\UnMoedas.pas"/>
			<DCCReference Include="AConsultaPrecosProdutos.pas">
				<Form>FConsultaPrecosProdutos</Form>
			</DCCReference>
			<DCCReference Include="..\MEstoque\AProdutosKit.pas">
				<Form>FProdutosKit</Form>
			</DCCReference>
			<DCCReference Include="UnCotacao.pas"/>
			<DCCReference Include="..\MEstoque\UnProdutos.pas"/>
			<DCCReference Include="..\MEstoque\UnSumarizaEstoque.pas"/>
			<DCCReference Include="..\MEstoque\AProdutos.pas">
				<Form>Fprodutos</Form>
			</DCCReference>
			<DCCReference Include="..\MEstoque\ANovaClassificacao.pas">
				<Form>FNovaClassificacao</Form>
			</DCCReference>
			<DCCReference Include="..\MEstoque\AMontaKit.pas">
				<Form>FMontaKit</Form>
			</DCCReference>
			<DCCReference Include="..\MEstoque\ALocalizaClassificacao.pas">
				<Form>FLocalizaClassificacao</Form>
			</DCCReference>
			<DCCReference Include="..\MaGerais\ANovoVendedor.pas">
				<Form>FNovoVendedor</Form>
			</DCCReference>
			<DCCReference Include="..\MaGerais\AVendedores.pas">
				<Form>FVendedores</Form>
			</DCCReference>
			<DCCReference Include="..\MEstoque\UnClassificacao.pas"/>
			<DCCReference Include="ACotacao.pas">
				<Form>FCotacao</Form>
			</DCCReference>
			<DCCReference Include="..\MFinanceiro\AFormasPagamento.pas">
				<Form>FFormasPagamento</Form>
			</DCCReference>
			<DCCReference Include="..\MFaturamento\ALocalizaProdutos.pas">
				<Form>FlocalizaProduto</Form>
			</DCCReference>
			<DCCReference Include="..\MEstoque\ANovoServico.pas">
				<Form>FNovoServico</Form>
			</DCCReference>
			<DCCReference Include="..\MFaturamento\ALocalizaServico.pas">
				<Form>FlocalizaServico</Form>
			</DCCReference>
			<DCCReference Include="..\MEstoque\UnServicos.pas"/>
			<DCCReference Include="..\MEstoque\AAdicionaProdFilial.pas">
				<Form>FAdicionaProdFilial</Form>
			</DCCReference>
			<DCCReference Include="..\MEstoque\ATabelaPreco.pas">
				<Form>FTabelaPreco</Form>
			</DCCReference>
			<DCCReference Include="..\MEstoque\AFormacaoPreco.pas">
				<Form>FFormacaoPreco</Form>
			</DCCReference>
			<DCCReference Include="..\MEstoque\AServicos.pas">
				<Form>FServicos</Form>
			</DCCReference>
			<DCCReference Include="..\MEstoque\AFormacaoPrecoServico.pas">
				<Form>FFormacaoPrecoServico</Form>
			</DCCReference>
			<DCCReference Include="..\MFaturamento\UnNotaFiscal.pas"/>
			<DCCReference Include="..\MFinanceiro\UnComissoes.pas"/>
			<DCCReference Include="..\MFinanceiro\UnContasAReceber.pas"/>
			<DCCReference Include="..\MaGerais\UnImpressao.pas"/>
			<DCCReference Include="..\MaGerais\UnClassesImprimir.pas"/>
			<DCCReference Include="..\MFaturamento\ANovaNatureza.pas">
				<Form>FNovaNatureza</Form>
			</DCCReference>
			<DCCReference Include="..\MFaturamento\ANaturezas.pas">
				<Form>FNaturezas</Form>
			</DCCReference>
			<DCCReference Include="..\MEstoque\AOperacoesEstoques.pas">
				<Form>FOperacoesEstoques</Form>
			</DCCReference>
			<DCCReference Include="..\MFinanceiro\APlanoConta.pas">
				<Form>FPlanoConta</Form>
			</DCCReference>
			<DCCReference Include="..\MFinanceiro\ANovoPlanoConta.pas">
				<Form>FNovoPlanoConta</Form>
			</DCCReference>
			<DCCReference Include="..\MFaturamento\AObservacoesNota.pas">
				<Form>FObservacoesNota</Form>
			</DCCReference>
			<DCCReference Include="..\MaGerais\AMostraRecibo.pas">
				<Form>FMostraRecibo</Form>
			</DCCReference>
			<DCCReference Include="..\MaGerais\AMostraDuplicata.pas">
				<Form>FMostraDuplicata</Form>
			</DCCReference>
			<DCCReference Include="..\MaGerais\AMostraEnvelope.pas">
				<Form>FMostraEnvelope</Form>
			</DCCReference>
			<DCCReference Include="..\MaGerais\AMostraBoleto.pas">
				<Form>FMostraBoleto</Form>
			</DCCReference>
			<DCCReference Include="..\MFinanceiro\AImprimeBoleto.pas">
				<Form>FImprimeBoleto</Form>
			</DCCReference>
			<DCCReference Include="..\MFinanceiro\UnContasAPagar.pas"/>
			<DCCReference Include="..\MFinanceiro\ABancos.pas">
				<Form>FBancos</Form>
			</DCCReference>
			<DCCReference Include="..\MaGerais\UnAtualizacao.pas"/>
			<DCCReference Include="..\MFinanceiro\AContas.pas">
				<Form>FContas</Form>
			</DCCReference>
			<DCCReference Include="..\MaGerais\UnPrincipal.pas"/>
			<DCCReference Include="AConsultaVendaPeriodo.pas">
				<Form>FConsultaVendaPeriodo</Form>
			</DCCReference>
			<DCCReference Include="..\MaGerais\ARegiaoVenda.pas">
				<Form>FRegiaoVenda</Form>
			</DCCReference>
			<DCCReference Include="..\MFaturamento\AMovNatureza.pas">
				<Form>FMovNatureza</Form>
			</DCCReference>
			<DCCReference Include="..\MFaturamento\AItensNatureza.pas">
				<Form>FItensNatureza</Form>
			</DCCReference>
			<DCCReference Include="..\MFinanceiro\AMostraNroNSU.pas">
				<Form>FMostraNroNSU</Form>
			</DCCReference>
			<DCCReference Include="..\MEstoque\AUnidade.pas">
				<Form>FUnidades</Form>
			</DCCReference>
			<DCCReference Include="..\MaGerais\UnComandosImpCheque.pas"/>
			<DCCReference Include="..\MaGerais\AEtiquetaCliente.pas">
				<Form>FEtiquetaClientes</Form>
			</DCCReference>
			<DCCReference Include="..\mestoque\ATipoFundo.pas">
				<Form>FTipoFundo</Form>
			</DCCReference>
			<DCCReference Include="..\magerais\UnDados.pas"/>
			<DCCReference Include="..\mestoque\ATipoEmenda.pas">
				<Form>FTipoEmenda</Form>
			</DCCReference>
			<DCCReference Include="..\mestoque\AMaquinas.pas">
				<Form>FMaquinas</Form>
			</DCCReference>
			<DCCReference Include="..\magerais\UnClientes.pas"/>
			<DCCReference Include="..\mestoque\ACores.pas">
				<Form>FCores</Form>
			</DCCReference>
			<DCCReference Include="ANovaCotacao.pas">
				<Form>FNovaCotacao</Form>
			</DCCReference>
			<DCCReference Include="..\mfinanceiro\AMostraParReceberOO.pas">
				<Form>FMostraParReceberOO</Form>
			</DCCReference>
			<DCCReference Include="..\magerais\UnVendedor.pas"/>
			<DCCReference Include="ATipoCotacao.pas">
				<Form>FTipoCotacao</Form>
			</DCCReference>
			<DCCReference Include="..\magerais\UnSistema.pas"/>
			<DCCReference Include="ARamoAtividade.pas">
				<Form>FRamoAtividade</Form>
			</DCCReference>
			<DCCReference Include="..\magerais\UnImpressaoRelatorio.pas"/>
			<DCCReference Include="ARelPedido.pas">
				<Form>FRelPedido</Form>
			</DCCReference>
			<DCCReference Include="..\magerais\UnImpressaoBoleto.pas"/>
			<DCCReference Include="AEmbalagem.pas">
				<Form>FEmbalagem</Form>
			</DCCReference>
			<DCCReference Include="AImprimeEtiqueta.pas">
				<Form>FImprimiEtiqueta</Form>
			</DCCReference>
			<DCCReference Include="UnImpressaoEtiquetaCotacao.pas"/>
			<DCCReference Include="AProdutoReferencia.pas">
				<Form>FReferenciaProduto</Form>
			</DCCReference>
			<DCCReference Include="AGraficoProducaoAnual.pas">
				<Form>FGraficoProducaoAnual</Form>
			</DCCReference>
			<DCCReference Include="..\mfinanceiro\UnDadosCR.pas"/>
			<DCCReference Include="..\mestoque\UnDadosProduto.pas"/>
			<DCCReference Include="AGeraOP.pas">
				<Form>FGerarOP</Form>
			</DCCReference>
			<DCCReference Include="..\mestoque\ANovaOrdemProducaoCadarco.pas">
				<Form>FNovaOrdemProducaoCadarco</Form>
			</DCCReference>
			<DCCReference Include="..\mestoque\UnOrdemProducao.pas"/>
			<DCCReference Include="AProdutosDevolvidos.pas">
				<Form>FProdutosDevolvidos</Form>
			</DCCReference>
			<DCCReference Include="..\mfaturamento\ANovaNotaFiscalNota.pas">
				<Form>FNovaNotaFiscalNota</Form>
			</DCCReference>
			<DCCReference Include="AMostraObservacaoCliente.pas">
				<Form>FMostraObservacaoCliente</Form>
			</DCCReference>
			<DCCReference Include="AGraficoAnaliseCidade.pas">
				<Form>FGraficoAnaliseCidade</Form>
			</DCCReference>
			<DCCReference Include="AGraficoAnaliseFaturamento.pas">
				<Form>FGraficoAnaliseFaturamento</Form>
			</DCCReference>
			<DCCReference Include="..\mestoque\ANovaNotaFiscaisFor.pas">
				<Form>FNovaNotaFiscaisFor</Form>
			</DCCReference>
			<DCCReference Include="..\mestoque\UnNotasFiscaisFor.pas"/>
			<DCCReference Include="ABaixaParcialCotacao.pas">
				<Form>FBaixaParcialCotacao</Form>
			</DCCReference>
			<DCCReference Include="AConsultaBaixaParcial.pas">
				<Form>FConsultaBaixaParcial</Form>
			</DCCReference>
			<DCCReference Include="..\..\modulos\AValidaSerieSistema.pas">
				<Form>FValidaSerieSistema</Form>
			</DCCReference>
			<DCCReference Include="AAlteraClassificacaoProduto.pas">
				<Form>FAlteraClassificacaoProduto</Form>
			</DCCReference>
			<DCCReference Include="AExcluiClienteDuplicado.pas">
				<Form>FExcluiClienteDuplicado</Form>
			</DCCReference>
			<DCCReference Include="..\magerais\UnCrystal.pas"/>
			<DCCReference Include="ANovoECF.pas">
				<Form>FNovoECF</Form>
			</DCCReference>
			<DCCReference Include="UnECF.pas"/>
			<DCCReference Include="AFormaPagamentoECF.pas">
				<Form>FFormaPagamentoECF</Form>
			</DCCReference>
			<DCCReference Include="..\mestoque\AEstagioProducao.pas">
				<Form>FEstagioProducao</Form>
			</DCCReference>
			<DCCReference Include="..\mestoque\ATipoEstagioProducao.pas">
				<Form>FTipoEstagioProducao</Form>
			</DCCReference>
			<DCCReference Include="AGeraEstagiosOP.pas">
				<Form>FGeraEstagiosOP</Form>
			</DCCReference>
			<DCCReference Include="AMostraPlanenamentoOP.pas">
				<Form>FMostraPlanejamentoOP</Form>
			</DCCReference>
			<DCCReference Include="..\mestoque\UnPcp.pas"/>
			<DCCReference Include="AAlteraEstagioCotacao.pas">
				<Form>FAlteraEstagioCotacao</Form>
			</DCCReference>
			<DCCReference Include="..\mestoque\AOrdensProducaoCadarco.pas">
				<Form>FOrdensProducaoCadarco</Form>
			</DCCReference>
			<DCCReference Include="ADevolucaoProdutos.pas">
				<Form>FDevolucaoProdutos</Form>
			</DCCReference>
			<DCCReference Include="ATecnicos.pas">
				<Form>FTecnicos</Form>
			</DCCReference>
			<DCCReference Include="ANovoTecnico.pas">
				<Form>FNovoTecnico</Form>
			</DCCReference>
			<DCCReference Include="..\mestoque\ATipoCorte.pas">
				<Form>FTipoCorte</Form>
			</DCCReference>
			<DCCReference Include="..\mfinanceiro\ANovaCobranca.pas">
				<Form>FNovaCobranca</Form>
			</DCCReference>
			<DCCReference Include="..\mfinanceiro\AHistoricoLigacao.pas">
				<Form>FHistoricoLigacao</Form>
			</DCCReference>
			<DCCReference Include="..\mfinanceiro\ACobrancas.pas">
				<Form>FCobrancas</Form>
			</DCCReference>
			<DCCReference Include="AFaturamentoDiario.pas">
				<Form>FFaturamentoDiario</Form>
			</DCCReference>
			<DCCReference Include="AGeraNumerosModulo19.pas">
				<Form>FGeraNumerosModulo10</Form>
			</DCCReference>
			<DCCReference Include="..\mfinanceiro\AMotivoInadimplencia.pas">
				<Form>FMotivoInadimplencia</Form>
			</DCCReference>
			<DCCReference Include="..\mfinanceiro\ANovaConta.pas">
				<Form>FNovaConta</Form>
			</DCCReference>
			<DCCReference Include="ATipoContrato.pas">
				<Form>FTipoContrato</Form>
			</DCCReference>
			<DCCReference Include="ANovoContratoCliente.pas">
				<Form>FNovoContratoCliente</Form>
			</DCCReference>
			<DCCReference Include="UnContrato.pas"/>
			<DCCReference Include="AContratosCliente.pas">
				<Form>FContratosCliente</Form>
			</DCCReference>
			<DCCReference Include="ANovoFaturamentoMensal.pas">
				<Form>FNovoFaturamentoMensal</Form>
			</DCCReference>
			<DCCReference Include="AFaturamentoMensal.pas">
				<Form>FFaturamentoMensal</Form>
			</DCCReference>
			<DCCReference Include="APrincipioAtivo.pas">
				<Form>FPrincipioAtivo</Form>
			</DCCReference>
			<DCCReference Include="ANovaCampanhaVendas.pas">
				<Form>FNovaCampanhaVendas</Form>
			</DCCReference>
			<DCCReference Include="ACampanhaVendas.pas">
				<Form>FCampanhaVendas</Form>
			</DCCReference>
			<DCCReference Include="ANovoTeleMarketing.pas">
				<Form>FNovoTeleMarketing</Form>
			</DCCReference>
			<DCCReference Include="UnTeleMarketing.pas"/>
			<DCCReference Include="ABrindesCliente.pas">
				<Form>FBrindesCliente</Form>
			</DCCReference>
			<DCCReference Include="AAlteraVendedorCotacao.pas">
				<Form>FAlteraVendedorCotacao</Form>
			</DCCReference>
			<DCCReference Include="ALeiturasLocacao.pas">
				<Form>FLeiturasLocacao</Form>
			</DCCReference>
			<DCCReference Include="ANovaLeituraLocacao.pas">
				<Form>FNovaLeituraLocacao</Form>
			</DCCReference>
			<DCCReference Include="ATeleMarketings.pas">
				<Form>FTeleMarketings</Form>
			</DCCReference>
			<DCCReference Include="AAtualizaDiasTeleMarketing.pas">
				<Form>FAtualizaDiasTelemarketing</Form>
			</DCCReference>
			<DCCReference Include="AProdutosCliente.pas">
				<Form>FProdutosCliente</Form>
			</DCCReference>
			<DCCReference Include="ATarefas.pas">
				<Form>FTarefas</Form>
			</DCCReference>
			<DCCReference Include="ANovaTarefa.pas">
				<Form>FNovaTarefa</Form>
			</DCCReference>
			<DCCReference Include="AContratosSemLeitura.pas">
				<Form>FContratosSemLeitura</Form>
			</DCCReference>
			<DCCReference Include="ADonoProduto.pas">
				<Form>FDonoProduto</Form>
			</DCCReference>
			<DCCReference Include="AReajusteContrato.pas">
				<Form>FReajusteContrato</Form>
			</DCCReference>
			<DCCReference Include="ANovoAgendamento.pas">
				<Form>FNovoAgedamento</Form>
			</DCCReference>
			<DCCReference Include="ATipoAgendamento.pas">
				<Form>FTipoAgendamento</Form>
			</DCCReference>
			<DCCReference Include="AManutencaoMailing.pas">
				<Form>FManutencaoMailing</Form>
			</DCCReference>
			<DCCReference Include="UnDaruma.pas"/>
			<DCCReference Include="AAgendamentos.pas">
				<Form>FAgendamentos</Form>
			</DCCReference>
			<DCCReference Include="AAcondicionamento.pas">
				<Form>FAcondicionamento</Form>
			</DCCReference>
			<DCCReference Include="AEstagioAgendamento.pas">
				<Form>FEstagioAgendamento</Form>
			</DCCReference>
			<DCCReference Include="AGeraFracaoOP.pas">
				<Form>FGeraFracaoOP</Form>
			</DCCReference>
			<DCCReference Include="AAlteraEstagioAgendamento.pas">
				<Form>FAlteraEstagioAgendamento</Form>
			</DCCReference>
			<DCCReference Include="AParentesCliente.pas">
				<Form>FParentesClientes</Form>
			</DCCReference>
			<DCCReference Include="..\MChamado\ANovoChamadoTecnico.pas">
				<Form>FNovoChamado</Form>
			</DCCReference>
			<DCCReference Include="..\MChamado\UnChamado.pas"/>
			<DCCReference Include="..\mestoque\AFacas.pas">
				<Form>FFacas</Form>
			</DCCReference>
			<DCCReference Include="..\mestoque\AOrdemProducaoGenerica.pas">
				<Form>FOrdemProducaoGenerica</Form>
			</DCCReference>
			<DCCReference Include="..\mestoque\ANovaOrdemProducaoGenerica.pas">
				<Form>FNovaOrdemProducaoGenerica</Form>
			</DCCReference>
			<DCCReference Include="..\mfinanceiro\AHistoricoECobranca.pas">
				<Form>FHistoricoECobranca</Form>
			</DCCReference>
			<DCCReference Include="..\MChamado\ALocalizaProdutoContrato.pas">
				<Form>FLocalizaProdutoContrato</Form>
			</DCCReference>
			<DCCReference Include="..\MChamado\AChamadosTecnicos.pas">
				<Form>FChamadoTecnico</Form>
			</DCCReference>
			<DCCReference Include="..\MChamado\AAgendaChamados.pas">
				<Form>FAgendaChamados</Form>
			</DCCReference>
			<DCCReference Include="..\MChamado\AHoraAgendaChamado.pas">
				<Form>FHoraAgendaChamado</Form>
			</DCCReference>
			<DCCReference Include="..\MChamado\AEfetuarPesquisaSatisfacao.pas">
				<Form>FEfetuarPesquisaSatisfacao</Form>
			</DCCReference>
			<DCCReference Include="..\MChamado\UnPesquisaSatisfacao.pas"/>
			<DCCReference Include="AMostraLocacoesALer.pas">
				<Form>FMostraLocacoesALer</Form>
			</DCCReference>
			<DCCReference Include="ACartuchoCotacao.pas">
				<Form>FCartuchoCotacao</Form>
			</DCCReference>
			<DCCReference Include="ANovaCotacaoGrafica.pas">
				<Form>FNovaCotacaoGrafica</Form>
			</DCCReference>
			<DCCReference Include="UnCotacaoGrafica.pas"/>
			<DCCReference Include="AMedico.pas">
				<Form>FMedico</Form>
			</DCCReference>
			<DCCReference Include="AGeraXMLSNGCP.pas">
				<Form>FGeraXMLSNGPC</Form>
			</DCCReference>
			<DCCReference Include="UnSNGPC.pas"/>
			<DCCReference Include="AProdutosReserva.pas">
				<Form>FProdutosReserva</Form>
			</DCCReference>
			<DCCReference Include="..\magerais\UnArgox.pas"/>
			<DCCReference Include="..\mfinanceiro\AChequesCP.pas">
				<Form>FChequesCP</Form>
			</DCCReference>
			<DCCReference Include="..\mfinanceiro\AConsultacheques.pas">
				<Form>FConsultaCheques</Form>
			</DCCReference>
			<DCCReference Include="..\mestoque\ANovaMaquina.pas">
				<Form>FNovaMaquina</Form>
			</DCCReference>
			<DCCReference Include="ANovaTarefaEMarketing.pas">
				<Form>FNovaTarefaEMarketing</Form>
			</DCCReference>
			<DCCReference Include="ATarefaEMarketing.pas">
				<Form>FTarefaEMarketing</Form>
			</DCCReference>
			<DCCReference Include="unEMarketing.pas"/>
			<DCCReference Include="ATamanhos.pas">
				<Form>FTamanhos</Form>
			</DCCReference>
			<DCCReference Include="APedidosPendentesFaturar.pas">
				<Form>FPedidosPendentesFaturar</Form>
			</DCCReference>
			<DCCReference Include="..\mcrm\UnProspect.pas"/>
			<DCCReference Include="AProdutoEtiquetadoComEstoque.pas">
				<Form>FProdutoEtiquetadoComEstoque</Form>
			</DCCReference>
			<DCCReference Include="..\mfinanceiro\AContasAReceber.pas">
				<Form>FContasaReceber</Form>
			</DCCReference>
			<DCCReference Include="..\mfinanceiro\ANovoContasaReceber.pas">
				<Form>FNovoContasAReceber</Form>
			</DCCReference>
			<DCCReference Include="..\mfinanceiro\agraficoscontasareceber.pas">
				<Form>FGraficosCR</Form>
			</DCCReference>
			<DCCReference Include="..\mfinanceiro\AGraficosContasaPagar.pas">
				<Form>FGraficosCP</Form>
			</DCCReference>
			<DCCReference Include="..\mfinanceiro\AMovComissoes.pas">
				<Form>FMovComissoes</Form>
			</DCCReference>
			<DCCReference Include="..\mfinanceiro\AManutencaoCR.pas">
				<Form>FManutencaoCR</Form>
			</DCCReference>
			<DCCReference Include="..\mfinanceiro\AContasAConsolidarCR.pas">
				<Form>FContasAConsolidarCR</Form>
			</DCCReference>
			<DCCReference Include="..\mfinanceiro\AConsolidarCR.pas">
				<Form>FConsolidarCR</Form>
			</DCCReference>
			<DCCReference Include="..\mfinanceiro\AVisualizaLogReceber.pas">
				<Form>FVisualizaLogReceber</Form>
			</DCCReference>
			<DCCReference Include="..\mestoque\AComissaoClassificacaoVendedor.pas">
				<Form>FComissaoClassificacaoVendedor</Form>
			</DCCReference>
			<DCCReference Include="..\MChamado\AProdutosOrcados.pas">
				<Form>FProdutosOrcados</Form>
			</DCCReference>
			<DCCReference Include="..\mcrm\AManutencaoEmail.pas">
				<Form>FManutencaoEmail</Form>
			</DCCReference>
			<DCCReference Include="..\magerais\UnVersoes.pas"/>
			<DCCReference Include="..\mcrm\ANovoConcorrente.pas">
				<Form>FNovoConcorrente</Form>
			</DCCReference>
			<DCCReference Include="..\mcrm\AConcorrentes.pas">
				<Form>FConcorrentes</Form>
			</DCCReference>
			<DCCReference Include="..\mcrm\ANovoTelemarketingProspect.pas">
				<Form>FNovoTelemarketingProspect</Form>
			</DCCReference>
			<DCCReference Include="..\mcrm\ANovoProspect.pas">
				<Form>FNovoProspect</Form>
			</DCCReference>
			<DCCReference Include="..\mcrm\AProspects.pas">
				<Form>FProspects</Form>
			</DCCReference>
			<DCCReference Include="..\mcrm\ANovaProposta.pas">
				<Form>FNovaProposta</Form>
			</DCCReference>
			<DCCReference Include="..\mcrm\UnProposta.pas"/>
			<DCCReference Include="..\mcrm\AMotivoVenda.pas">
				<Form>FMotivoVenda</Form>
			</DCCReference>
			<DCCReference Include="..\mcrm\ANovaAgendaProspect.pas">
				<Form>FNovaAgendaProspect</Form>
			</DCCReference>
			<DCCReference Include="..\mcrm\AAlteraEstagioProposta.pas">
				<Form>FAlteraEstagioProposta</Form>
			</DCCReference>
			<DCCReference Include="..\mcrm\AProdutosProspect.pas">
				<Form>FProdutosProspect</Form>
			</DCCReference>
			<DCCReference Include="..\mcrm\AContatosProspect.pas">
				<Form>FContatosProspect</Form>
			</DCCReference>
			<DCCReference Include="..\mcrm\AMeioDivulgacao.pas">
				<Form>FMeioDivulgacao</Form>
			</DCCReference>
			<DCCReference Include="AAniversariantes.pas">
				<Form>FAniversariantes</Form>
			</DCCReference>
			<DCCReference Include="..\mcrm\UnAmostra.pas"/>
			<DCCReference Include="..\mestoque\UnSolicitacaoCompra.pas"/>
			<DCCReference Include="..\mestoque\UnPedidoCompra.pas"/>
			<DCCReference Include="..\mestoque\ANovoPedidoCompra.pas">
				<Form>FNovoPedidoCompra</Form>
			</DCCReference>
			<DCCReference Include="..\mestoque\APedidosCompraAberto.pas">
				<Form>FPedidosCompraAberto</Form>
			</DCCReference>
			<DCCReference Include="..\mestoque\ACompradores.pas">
				<Form>FCompradores</Form>
			</DCCReference>
			<DCCReference Include="..\mfinanceiro\ABaixaContasAReceberOO.pas">
				<Form>FBaixaContasaReceberOO</Form>
			</DCCReference>
			<DCCReference Include="..\mestoque\ANovoProdutoPro.pas">
				<Form>FNovoProdutoPro</Form>
			</DCCReference>
			<DCCReference Include="ACartuchoCotacaoProduto.pas">
				<Form>FCartuchoCotacaoCartucho</Form>
			</DCCReference>
			<DCCReference Include="..\mfinanceiro\AChequesOO.pas">
				<Form>FChequesOO</Form>
			</DCCReference>
			<DCCReference Include="ANovoLembrete.pas">
				<Form>FNovoLembrete</Form>
			</DCCReference>
			<DCCReference Include="..\mfinanceiro\ABaixaContasaPagarOO.pas">
				<Form>FBaixaContasaPagarOO</Form>
			</DCCReference>
			<DCCReference Include="..\mfinanceiro\ANovoEmailContasAReceber.pas">
				<Form>FNovoEmailContasAReceber</Form>
			</DCCReference>
			<DCCReference Include="..\MChamado\AVerificaLeituraLembrete.pas">
				<Form>FVerificaLeituraLembrete</Form>
			</DCCReference>
			<DCCReference Include="ANovoReajusteContrato.pas">
				<Form>FNovoReajusteContrato</Form>
			</DCCReference>
			<DCCReference Include="..\mfinanceiro\AContasAPagar.pas">
				<Form>FContasaPagar</Form>
			</DCCReference>
			<DCCReference Include="..\mfinanceiro\undespesas.pas"/>
			<DCCReference Include="..\mfinanceiro\ANovoContasaPagar.pas">
				<Form>FNovoContasAPagar</Form>
			</DCCReference>
			<DCCReference Include="..\mfinanceiro\adespesas.pas">
				<Form>FDespesas</Form>
			</DCCReference>
			<DCCReference Include="..\mfinanceiro\ACentroCusto.pas">
				<Form>FCentroCusto</Form>
			</DCCReference>
			<DCCReference Include="..\mfinanceiro\ageradespesasfixas.pas">
				<Form>FGeraDespesasFixas</Form>
			</DCCReference>
			<DCCReference Include="..\mfinanceiro\AManutencaoCP.pas">
				<Form>FManutencaoCP</Form>
			</DCCReference>
			<DCCReference Include="AnovoClientePerdidoVendedor.pas">
				<Form>FNovoClientePerdidoVendedor</Form>
			</DCCReference>
			<DCCReference Include="AClientesPerdidosVendedor.pas">
				<Form>FClientesPerdidosVenedor</Form>
			</DCCReference>
			<DCCReference Include="..\mcaixa\UnCaixa.pas"/>
			<DCCReference Include="AGerarFracaoOPMaquinasCorte.pas">
				<Form>FGerarFracaoOPMaquinasCorte</Form>
			</DCCReference>
			<DCCReference Include="..\mestoque\ABaixaConsumoProduto.pas">
				<Form>FBaixaConsumoProduto</Form>
			</DCCReference>
			<DCCReference Include="..\MChamado\ATipoChamado.pas">
				<Form>FTipoChamado</Form>
			</DCCReference>
			<DCCReference Include="..\mcrm\ASetores.pas">
				<Form>FSetores</Form>
			</DCCReference>
			<DCCReference Include="..\mestoque\AAlteraEstagioPedidoCompra.pas">
				<Form>FAlteraEstagioPedidoCompra</Form>
			</DCCReference>
			<DCCReference Include="..\mcrm\ANovoSetor.pas">
				<Form>FNovoSetor</Form>
			</DCCReference>
			<DCCReference Include="..\mfinanceiro\AMostraParPagarOO.pas">
				<Form>FMostraParPagarOO</Form>
			</DCCReference>
			<DCCReference Include="..\mestoque\ASolicitacaoCompras.pas">
				<Form>FSolicitacaoCompra</Form>
			</DCCReference>
			<DCCReference Include="..\mestoque\ASolicitacaoCompraProdutosPendentes.pas">
				<Form>FOrcamentoCompraProdutosPendentes</Form>
			</DCCReference>
			<DCCReference Include="..\mestoque\ANovaSolicitacaoCompra.pas">
				<Form>FNovaSolicitacaoCompras</Form>
			</DCCReference>
			<DCCReference Include="..\mestoque\AAlteraEstagioOrcamento.pas">
				<Form>FAlteraEstagioOrcamentoCompra</Form>
			</DCCReference>
			<DCCReference Include="..\mestoque\APedidoCompra.pas">
				<Form>FPedidoCompra</Form>
			</DCCReference>
			<DCCReference Include="..\mcrm\ATipoProposta.pas">
				<Form>FTipoProposta</Form>
			</DCCReference>
			<DCCReference Include="..\magerais\UnZebra.pas"/>
			<DCCReference Include="..\mfinanceiro\ACompensaCheque.pas">
				<Form>FCompensaCheque</Form>
			</DCCReference>
			<DCCReference Include="..\mcrm\APropostasCliente.pas">
				<Form>FPropostasCliente</Form>
			</DCCReference>
			<DCCReference Include="..\mestoque\ARelOrdemSerra.pas">
				<Form>FRelOrdemSerra</Form>
			</DCCReference>
			<DCCReference Include="AContatosCliente.pas">
				<Form>FContatosCliente</Form>
			</DCCReference>
			<DCCReference Include="..\mestoque\AMontaKitBastidor.pas">
				<Form>FMontaKitBastidor</Form>
			</DCCReference>
			<DCCReference Include="..\MChamado\ABaixaProdutosChamado.pas">
				<Form>FBaixaProdutosChamado</Form>
			</DCCReference>
			<DCCReference Include="ADesativaEmailDuplicado.pas">
				<Form>FDesativaEmailDuplicado</Form>
			</DCCReference>
			<DCCReference Include="..\mfinanceiro\ACreditoCliente.pas">
				<Form>FCreditoCliente</Form>
			</DCCReference>
			<DCCReference Include="..\MChamado\AConsultaChamadoParcial.pas">
				<Form>FConsultaChamadoParcial</Form>
			</DCCReference>
			<DCCReference Include="..\mestoque\AAlteraEstagioFracaoOP.pas">
				<Form>FAlteraEstagioFracaoOP</Form>
			</DCCReference>
			<DCCReference Include="..\mfinanceiro\AImprimeDuplicata.pas">
				<Form>FImprimeDuplicata</Form>
			</DCCReference>
			<DCCReference Include="..\mestoque\ANovoOrcamentoCompra.pas">
				<Form>FNovoOrcamentoCompra</Form>
			</DCCReference>
			<DCCReference Include="..\mestoque\UnOrcamentoCompra.pas"/>
			<DCCReference Include="..\mestoque\AHorarioTrabalho.pas">
				<Form>FHorarioTrabalho</Form>
			</DCCReference>
			<DCCReference Include="AFaixaEtaria.pas">
				<Form>FFaixaEtaria</Form>
			</DCCReference>
			<DCCReference Include="AMarcas.pas">
				<Form>FMarca</Form>
			</DCCReference>
			<DCCReference Include="AEntradaMetro.pas">
				<Form>FEntradaMetro</Form>
			</DCCReference>
			<DCCReference Include="UnEntradaMetros.pas"/>
			<DCCReference Include="AMetasVendedor.pas">
				<Form>FMetasVendedor</Form>
			</DCCReference>
			<DCCReference Include="..\magerais\AConsultaCondicaoPgto.pas">
				<Form>FConsultaCondicaoPgto</Form>
			</DCCReference>
			<DCCReference Include="..\mestoque\AConsultaLogSeparacaoConsumo.pas">
				<Form>FConsultaLogSeparacaoConsumo</Form>
			</DCCReference>
			<DCCReference Include="..\magerais\UnRave.pas"/>
			<DCCReference Include="..\magerais\dmRave.pas">
				<Form>dtRave</Form>
				<DesignClass>TDSServerModule</DesignClass>
			</DCCReference>
			<DCCReference Include="AConsultaProdutoNumeroSerie.pas">
				<Form>FConsultaProdutoNumeroSerie</Form>
			</DCCReference>
			<DCCReference Include="ACondicaoPagamento.pas">
				<Form>FCondicaoPagamento</Form>
			</DCCReference>
			<DCCReference Include="ANovaCondicaoPagamento.pas">
				<Form>FNovaCondicaoPagamento</Form>
			</DCCReference>
			<DCCReference Include="..\mestoque\AFiguraGRF.pas">
				<Form>FFiguraGRF</Form>
			</DCCReference>
			<DCCReference Include="..\mfinanceiro\UnCondicaoPagamento.pas"/>
			<DCCReference Include="..\mestoque\ANovaComposicao.pas">
				<Form>FNovaComposicao</Form>
			</DCCReference>
			<DCCReference Include="..\mestoque\AComposicoes.pas">
				<Form>FComposicoes</Form>
			</DCCReference>
			<DCCReference Include="..\mfaturamento\UnNFe.pas"/>
			<DCCReference Include="AGraficoComprativoAno.pas">
				<Form>FGraficoComparativoAno</Form>
			</DCCReference>
			<DCCReference Include="..\mfinanceiro\AProjetos.pas">
				<Form>FProjetos</Form>
			</DCCReference>
			<DCCReference Include="..\mestoque\AGeraFracaoOPProdutos.pas">
				<Form>FGeraFracaoOPProdutos</Form>
			</DCCReference>
			<DCCReference Include="ANovaRepresentada.pas">
				<Form>FNovaRepresentada</Form>
			</DCCReference>
			<DCCReference Include="ARepresentada.pas">
				<Form>FRepresentada</Form>
			</DCCReference>
			<DCCReference Include="..\mcrm\ACorpoEmailProposta.pas">
				<Form>FCorpoEmailProposta</Form>
			</DCCReference>
			<DCCReference Include="..\mestoque\AMostraEstoqueChapas.pas">
				<Form>FMostraEstoqueChapas</Form>
			</DCCReference>
			<DCCReference Include="ANovoEmailMedidores.pas">
				<Form>FNovoEmailMedidores</Form>
			</DCCReference>
			<DCCReference Include="..\magerais\UnDRave.pas"/>
			<DCCReference Include="..\magerais\UnProgramador1.pas"/>
			<DCCReference Include="..\mestoque\AAcessorio.pas">
				<Form>FAcessorio</Form>
			</DCCReference>
			<DCCReference Include="..\mcrm\AAplicacao.pas">
				<Form>FAplicacao</Form>
			</DCCReference>
			<DCCReference Include="..\mestoque\AAdicionaProdutosTerceirizacao.pas">
				<Form>FAdicionaProdutosTerceirizacao</Form>
			</DCCReference>
			<DCCReference Include="..\mestoque\ALocalizaFracaoOP.pas">
				<Form>FLocalizaFracaoOP</Form>
			</DCCReference>
			<DCCReference Include="..\mestoque\ANovoEstagio.pas">
				<Form>FNovoEstagio</Form>
			</DCCReference>
			<DCCReference Include="..\magerais\UnMetalVidros.pas"/>
			<DCCReference Include="..\magerais\AImportaProdutosMetalVidros.pas">
				<Form>FImportaProdutosMetalVidros</Form>
			</DCCReference>
			<DCCReference Include="..\mestoque\AMapaCompras.pas">
				<Form>FMapaCompras</Form>
			</DCCReference>
			<DCCReference Include="..\mestoque\AOrcamentoCompras.pas">
				<Form>FOrcamentoCompras</Form>
			</DCCReference>
			<DCCReference Include="..\mestoque\AOPProdutosAReservar.pas">
				<Form>FOPProdutosAReservar</Form>
			</DCCReference>
			<DCCReference Include="..\mefiPDV\AMenuFiscalECF.pas">
				<Form>FMenuFiscalECF</Form>
			</DCCReference>
			<DCCReference Include="..\mefiPDV\AComandoFiscalFiltro.pas">
				<Form>FComandoFiscalFiltro</Form>
			</DCCReference>
			<DCCReference Include="APerfilCliente.pas">
				<Form>FPerfilCliente</Form>
			</DCCReference>
			<DCCReference Include="AGeraCodigoOffline.pas">
				<Form>FGeraCodigoOffline</Form>
			</DCCReference>
			<DCCReference Include="..\mfaturamento\UnSpedFiscal.pas"/>
			<DCCReference Include="..\mcrm\ATipoMateriaPrima.pas">
				<Form>FTipoMateriaPrima</Form>
			</DCCReference>
			<DCCReference Include="ANovoRomaneioOrcamento.pas">
				<Form>FNovoRomaneioOrcamento</Form>
			</DCCReference>
			<DCCReference Include="ARomaneioOrcamento.pas">
				<Form>FRomaneioOrcamento</Form>
			</DCCReference>
			<DCCReference Include="..\mestoque\ASelecionarFornecedorMapaCompras.pas">
				<Form>FSelecionaFornecedorMapaCompras</Form>
			</DCCReference>
			<DCCReference Include="ATabelaComissao.pas">
				<Form>FTabelaComissao</Form>
			</DCCReference>
			<DCCReference Include="AAlteraVendedorCadastroCliente.pas">
				<Form>FAlteraVendedorCadastroCliente</Form>
			</DCCReference>
			<DCCReference Include="AMostraObservacaoPedido.pas">
				<Form>FMostraObservacaoPedido</Form>
			</DCCReference>
			<DCCReference Include="AProdutosClientePeca.pas">
				<Form>FProdutosClientePeca</Form>
			</DCCReference>
			<DCCReference Include="ARoteiroEntrega.pas">
				<Form>FRoteiroEntrega</Form>
			</DCCReference>
			<DCCReference Include="ATelefonesCliente.pas">
				<Form>FTelefoneCliente</Form>
			</DCCReference>
			<DCCReference Include="AReciboLocacao.pas">
				<Form>FReciboLocacao</Form>
			</DCCReference>
			<DCCReference Include="ACancelaContratos.pas">
				<Form>FCancelaContrato</Form>
			</DCCReference>
			<DCCReference Include="AAlteraClienteVendedor.pas">
				<Form>FAlteraClienteVendedor</Form>
			</DCCReference>
			<DCCReference Include="AEnvioEmarketing.pas">
				<Form>FEnvioEmarketing</Form>
			</DCCReference>
			<DCCReference Include="..\mestoque\AConhecimentoTransporte.pas">
				<Form>FConhecimentoTransporte</Form>
			</DCCReference>
			<DCCReference Include="..\mestoque\AFracaoFaccionista.pas">
				<Form>FFracaoFaccionista</Form>
			</DCCReference>
			<DCCReference Include="..\mestoque\ANovaFracaoFaccionista.pas">
				<Form>FNovaFracaoFaccionista</Form>
			</DCCReference>
			<DCCReference Include="..\mestoque\ATerceiroFaccionista.pas">
				<Form>FTerceiroFaccionista</Form>
			</DCCReference>
			<DCCReference Include="..\mestoque\ANovaFaccionista.pas">
				<Form>FNovaFaccionista</Form>
			</DCCReference>
			<DCCReference Include="..\mestoque\AFaccionistas.pas">
				<Form>FFaccionistas</Form>
			</DCCReference>
			<DCCReference Include="..\mestoque\ARetornoFracaoFaccionista.pas">
				<Form>FRetornoFracaoFaccionista</Form>
			</DCCReference>
			<BuildConfiguration Include="Release">
				<Key>Cfg_2</Key>
				<CfgParent>Base</CfgParent>
			</BuildConfiguration>
			<BuildConfiguration Include="Base">
				<Key>Base</Key>
			</BuildConfiguration>
			<BuildConfiguration Include="Debug">
				<Key>Cfg_1</Key>
				<CfgParent>Base</CfgParent>
			</BuildConfiguration>
		</ItemGroup>
		<Import Condition="Exists('$(BDS)\Bin\CodeGear.Delphi.Targets')" Project="$(BDS)\Bin\CodeGear.Delphi.Targets"/>
		<Import Condition="Exists('$(APPDATA)\Embarcadero\$(BDSAPPDATABASEDIR)\$(PRODUCTVERSION)\UserTools.proj')" Project="$(APPDATA)\Embarcadero\$(BDSAPPDATABASEDIR)\$(PRODUCTVERSION)\UserTools.proj"/>
		<ProjectExtensions>
			<Borland.Personality>Delphi.Personality.12</Borland.Personality>
			<Borland.ProjectType/>
			<BorlandProject>
				<Delphi.Personality>
					<VersionInfo>
						<VersionInfo Name="IncludeVerInfo">False</VersionInfo>
						<VersionInfo Name="AutoIncBuild">False</VersionInfo>
						<VersionInfo Name="MajorVer">1</VersionInfo>
						<VersionInfo Name="MinorVer">0</VersionInfo>
						<VersionInfo Name="Release">0</VersionInfo>
						<VersionInfo Name="Build">0</VersionInfo>
						<VersionInfo Name="Debug">False</VersionInfo>
						<VersionInfo Name="PreRelease">False</VersionInfo>
						<VersionInfo Name="Special">False</VersionInfo>
						<VersionInfo Name="Private">False</VersionInfo>
						<VersionInfo Name="DLL">False</VersionInfo>
						<VersionInfo Name="Locale">1046</VersionInfo>
						<VersionInfo Name="CodePage">1252</VersionInfo>
					</VersionInfo>
					<VersionInfoKeys>
						<VersionInfoKeys Name="CompanyName"/>
						<VersionInfoKeys Name="FileDescription"/>
						<VersionInfoKeys Name="FileVersion">1.0.0.0</VersionInfoKeys>
						<VersionInfoKeys Name="InternalName"/>
						<VersionInfoKeys Name="LegalCopyright"/>
						<VersionInfoKeys Name="LegalTrademarks"/>
						<VersionInfoKeys Name="OriginalFilename"/>
						<VersionInfoKeys Name="ProductName"/>
						<VersionInfoKeys Name="ProductVersion">1.0.0.0</VersionInfoKeys>
						<VersionInfoKeys Name="Comments"/>
					</VersionInfoKeys>
					<Excluded_Packages>
						<Excluded_Packages Name="$(BDSBIN)\dcloffice2k150.bpl">Microsoft Office 2000 Sample Automation Server Wrapper Components</Excluded_Packages>
						<Excluded_Packages Name="$(BDSBIN)\dclofficexp150.bpl">Microsoft Office XP Sample Automation Server Wrapper Components</Excluded_Packages>
					</Excluded_Packages>
					<Source>
						<Source Name="MainSource">pontoloja.dpr</Source>
					</Source>
					<Parameters>
						<Parameters Name="RunParams">Siscorp RAFAEL MORRO 1 11</Parameters>
					</Parameters>
				</Delphi.Personality>
				<Platforms>
					<Platform value="Win32">True</Platform>
				</Platforms>
				<ModelSupport>False</ModelSupport>
			</BorlandProject>
			<ProjectFileVersion>12</ProjectFileVersion>
		</ProjectExtensions>
	</Project>
